github.com/go-toast/toast v0.0.0-20190211030409-01e6764cf0a4 h1:qZNfIGkIANxGv/OqtnntR4DfOY2+BgwR60cAcu/i3SE=
github.com/go-toast/toast v0.0.0-20190211030409-01e6764cf0a4/go.mod h1:kW3HQ4UdaAyrUCSSDR4xUzBKW6O2iA4uHhk7AtyYp10=
github.com/nu7hatch/gouuid v0.0.0-20131221200532-179d4d0c4d8d h1:VhgPp6v9qf9Agr/56bj7Y/xa04UccTW04VP0Qed4vnQ=
github.com/nu7hatch/gouuid v0.0.0-20131221200532-179d4d0c4d8d/go.mod h1:YUTz3bUH2ZwIWBy3CJBeOBEugqcmXREj14T+iG/4k4U=
github.com/vishvananda/netlink v1.3.0 h1:X7l42GfcV4S6E4vHTsw48qbrV+9PVojNfIhZcwQdrZk=
github.com/vishvananda/netlink v1.3.0/go.mod h1:i6NetklAujEcC6fK0JPjT8qSwWyO0HLn4UKG+hGqeJs=
github.com/vishvananda/netns v0.0.4 h1:Oeaw1EM2JMxD51g9uhtC0D7erkIjgmj8+JZc26m1YX8=
github.com/vishvananda/netns v0.0.4/go.mod h1:SpkAiCQRtJ6TvvxPnOSyH3BMl6unz3xZlaprSwhNNJM=
golang.org/x/sys v0.2.0/go.mod h1:oPkhp1MJrh7nUepCBck5+mAzfO9JrbApNNgaTdGDITg=
golang.org/x/sys v0.10.0 h1:SqMFp9UcQJZa+pmYuAKjd9xq1f0j5rLcDIk0mj4qAsA=
golang.org/x/sys v0.10.0/go.mod h1:oPkhp1MJrh7nUepCBck5+mAzfO9JrbApNNgaTdGDITg=
